
Microsoft Visual Studio Solution File, Format Version 12.00
Project("{FAE04EC0-301F-11D3-BF4B-00C04F79EFBC}") = "Marketplace.Domain", "Marketplace.Domain\Marketplace.Domain.csproj", "{B918F954-4E92-48BE-A822-23176067EF2E}"
EndProject
Project("{FAE04EC0-301F-11D3-BF4B-00C04F79EFBC}") = "Marketplace.Tests", "Marketplace.Tests\Marketplace.Tests.csproj", "{3D17E068-2F00-4B6D-BDDA-73A5E5F755FD}"
EndProject
Project("{FAE04EC0-301F-11D3-BF4B-00C04F79EFBC}") = "Marketplace.Framework", "Marketplace.Framework\Marketplace.Framework.csproj", "{BDF3BC34-D2A7-424B-8AF4-D6EA51774083}"
EndProject
Project("{FAE04EC0-301F-11D3-BF4B-00C04F79EFBC}") = "Marketplace", "Marketplace\Marketplace.csproj", "{58EA0521-65CB-4B6C-B38D-4EB552ABC719}"
EndProject
Global
	GlobalSection(SolutionConfigurationPlatforms) = preSolution
		Debug|Any CPU = Debug|Any CPU
		Release|Any CPU = Release|Any CPU
	EndGlobalSection
	GlobalSection(ProjectConfigurationPlatforms) = postSolution
		{B918F954-4E92-48BE-A822-23176067EF2E}.Debug|Any CPU.ActiveCfg = Debug|Any CPU
		{B918F954-4E92-48BE-A822-23176067EF2E}.Debug|Any CPU.Build.0 = Debug|Any CPU
		{B918F954-4E92-48BE-A822-23176067EF2E}.Release|Any CPU.ActiveCfg = Release|Any CPU
		{B918F954-4E92-48BE-A822-23176067EF2E}.Release|Any CPU.Build.0 = Release|Any CPU
		{3D17E068-2F00-4B6D-BDDA-73A5E5F755FD}.Debug|Any CPU.ActiveCfg = Debug|Any CPU
		{3D17E068-2F00-4B6D-BDDA-73A5E5F755FD}.Debug|Any CPU.Build.0 = Debug|Any CPU
		{3D17E068-2F00-4B6D-BDDA-73A5E5F755FD}.Release|Any CPU.ActiveCfg = Release|Any CPU
		{3D17E068-2F00-4B6D-BDDA-73A5E5F755FD}.Release|Any CPU.Build.0 = Release|Any CPU
		{BDF3BC34-D2A7-424B-8AF4-D6EA51774083}.Debug|Any CPU.ActiveCfg = Debug|Any CPU
		{BDF3BC34-D2A7-424B-8AF4-D6EA51774083}.Debug|Any CPU.Build.0 = Debug|Any CPU
		{BDF3BC34-D2A7-424B-8AF4-D6EA51774083}.Release|Any CPU.ActiveCfg = Release|Any CPU
		{BDF3BC34-D2A7-424B-8AF4-D6EA51774083}.Release|Any CPU.Build.0 = Release|Any CPU
		{58EA0521-65CB-4B6C-B38D-4EB552ABC719}.Debug|Any CPU.ActiveCfg = Debug|Any CPU
		{58EA0521-65CB-4B6C-B38D-4EB552ABC719}.Debug|Any CPU.Build.0 = Debug|Any CPU
		{58EA0521-65CB-4B6C-B38D-4EB552ABC719}.Release|Any CPU.ActiveCfg = Release|Any CPU
		{58EA0521-65CB-4B6C-B38D-4EB552ABC719}.Release|Any CPU.Build.0 = Release|Any CPU
	EndGlobalSection
EndGlobal
